
Microsoft Visual Studio Solution File, Format Version 12.00
# Visual Studio Version 17
VisualStudioVersion = 17.0.32112.339
MinimumVisualStudioVersion = 10.0.40219.1
Project("{9A19103F-16F7-4668-BE54-9A1E7A4F7556}") = "HoliDayRental", "HomeShare\HoliDayRental.csproj", "{8020D524-9DA0-42F3-906F-C726363F865F}"
	ProjectSection(ProjectDependencies) = postProject
		{94D60088-D503-460C-B1F1-E6B6069EF69A} = {94D60088-D503-460C-B1F1-E6B6069EF69A}
		{00E612F3-9075-402D-BC84-681CD64654D5} = {00E612F3-9075-402D-BC84-681CD64654D5}
	EndProjectSection
EndProject
Project("{00D1A9C2-B5F0-4AF3-8072-F6C62B433612}") = "HoliDayRental.DB", "HoliDayRental.DB\HoliDayRental.DB.sqlproj", "{86D984FC-8413-4724-93FC-BAAF7FCC59C4}"
EndProject
Project("{2150E333-8FDC-42A3-9474-1A3956D46DE8}") = "Common", "Common", "{F31D63A0-76EC-41FA-8508-FB927A94613F}"
EndProject
Project("{9A19103F-16F7-4668-BE54-9A1E7A4F7556}") = "HoliDayRental.Common", "HoliDayRental.Common\HoliDayRental.Common.csproj", "{F6625212-461B-40C5-8CAA-D9FD270BA232}"
EndProject
Project("{2150E333-8FDC-42A3-9474-1A3956D46DE8}") = "BLL", "BLL", "{B0D03F1C-BB6C-45EB-B728-ABD2B49FDE68}"
EndProject
Project("{9A19103F-16F7-4668-BE54-9A1E7A4F7556}") = "HoliDayRental.BLL", "HoliDayRental.BLL\HoliDayRental.BLL.csproj", "{94D60088-D503-460C-B1F1-E6B6069EF69A}"
	ProjectSection(ProjectDependencies) = postProject
		{F6625212-461B-40C5-8CAA-D9FD270BA232} = {F6625212-461B-40C5-8CAA-D9FD270BA232}
		{00E612F3-9075-402D-BC84-681CD64654D5} = {00E612F3-9075-402D-BC84-681CD64654D5}
	EndProjectSection
EndProject
Project("{2150E333-8FDC-42A3-9474-1A3956D46DE8}") = "DAL", "DAL", "{DA0C5701-ED0E-4E48-A768-90A545C742ED}"
EndProject
Project("{9A19103F-16F7-4668-BE54-9A1E7A4F7556}") = "HoliDayRental.DAL", "HoliDayRental.DAL\HoliDayRental.DAL.csproj", "{00E612F3-9075-402D-BC84-681CD64654D5}"
EndProject
Global
	GlobalSection(SolutionConfigurationPlatforms) = preSolution
		Debug|Any CPU = Debug|Any CPU
		Release|Any CPU = Release|Any CPU
	EndGlobalSection
	GlobalSection(ProjectConfigurationPlatforms) = postSolution
		{8020D524-9DA0-42F3-906F-C726363F865F}.Debug|Any CPU.ActiveCfg = Debug|Any CPU
		{8020D524-9DA0-42F3-906F-C726363F865F}.Debug|Any CPU.Build.0 = Debug|Any CPU
		{8020D524-9DA0-42F3-906F-C726363F865F}.Release|Any CPU.ActiveCfg = Release|Any CPU
		{8020D524-9DA0-42F3-906F-C726363F865F}.Release|Any CPU.Build.0 = Release|Any CPU
		{86D984FC-8413-4724-93FC-BAAF7FCC59C4}.Debug|Any CPU.ActiveCfg = Debug|Any CPU
		{86D984FC-8413-4724-93FC-BAAF7FCC59C4}.Debug|Any CPU.Build.0 = Debug|Any CPU
		{86D984FC-8413-4724-93FC-BAAF7FCC59C4}.Debug|Any CPU.Deploy.0 = Debug|Any CPU
		{86D984FC-8413-4724-93FC-BAAF7FCC59C4}.Release|Any CPU.ActiveCfg = Release|Any CPU
		{86D984FC-8413-4724-93FC-BAAF7FCC59C4}.Release|Any CPU.Build.0 = Release|Any CPU
		{86D984FC-8413-4724-93FC-BAAF7FCC59C4}.Release|Any CPU.Deploy.0 = Release|Any CPU
		{F6625212-461B-40C5-8CAA-D9FD270BA232}.Debug|Any CPU.ActiveCfg = Debug|Any CPU
		{F6625212-461B-40C5-8CAA-D9FD270BA232}.Debug|Any CPU.Build.0 = Debug|Any CPU
		{F6625212-461B-40C5-8CAA-D9FD270BA232}.Release|Any CPU.ActiveCfg = Release|Any CPU
		{F6625212-461B-40C5-8CAA-D9FD270BA232}.Release|Any CPU.Build.0 = Release|Any CPU
		{94D60088-D503-460C-B1F1-E6B6069EF69A}.Debug|Any CPU.ActiveCfg = Debug|Any CPU
		{94D60088-D503-460C-B1F1-E6B6069EF69A}.Debug|Any CPU.Build.0 = Debug|Any CPU
		{94D60088-D503-460C-B1F1-E6B6069EF69A}.Release|Any CPU.ActiveCfg = Release|Any CPU
		{94D60088-D503-460C-B1F1-E6B6069EF69A}.Release|Any CPU.Build.0 = Release|Any CPU
		{00E612F3-9075-402D-BC84-681CD64654D5}.Debug|Any CPU.ActiveCfg = Debug|Any CPU
		{00E612F3-9075-402D-BC84-681CD64654D5}.Debug|Any CPU.Build.0 = Debug|Any CPU
		{00E612F3-9075-402D-BC84-681CD64654D5}.Release|Any CPU.ActiveCfg = Release|Any CPU
		{00E612F3-9075-402D-BC84-681CD64654D5}.Release|Any CPU.Build.0 = Release|Any CPU
	EndGlobalSection
	GlobalSection(SolutionProperties) = preSolution
		HideSolutionNode = FALSE
	EndGlobalSection
	GlobalSection(NestedProjects) = preSolution
		{F6625212-461B-40C5-8CAA-D9FD270BA232} = {F31D63A0-76EC-41FA-8508-FB927A94613F}
		{94D60088-D503-460C-B1F1-E6B6069EF69A} = {B0D03F1C-BB6C-45EB-B728-ABD2B49FDE68}
		{00E612F3-9075-402D-BC84-681CD64654D5} = {DA0C5701-ED0E-4E48-A768-90A545C742ED}
	EndGlobalSection
	GlobalSection(ExtensibilityGlobals) = postSolution
		SolutionGuid = {27899870-7CEA-4A05-A2CC-D1884DDA0644}
	EndGlobalSection
EndGlobal
